{
  "version": 4,
  "terraform_version": "1.15.6",
  "serial": 1,
  "lineage": "2156c5a5-5153-f8cb-f864-6db3aa1e4bf1",
  "outputs": {},
  "resources": [
    {
      "mode": "managed",
      "type": "local_file",
      "name": "file1",
      "provider": "provider[\"registry.terraform.io/hashicorp/local\"]",
      "instances": [
        {
          "schema_version": 0,
          "attributes": {
            "content": "Good Morning Shashikant!",
            "content_base64": null,
            "content_base64sha256": "/70YhYswsCpD9NvWx1rOQ9I/hGivQcg5PlpYG80mpL4=",
            "content_base64sha512": "X40cFXZ6AqD1CCwNwVTvn/NEVC3mSAN3e49LZ2sIyj9tPPnaXqKqytv5sWme6hqtuAvS90aergWmXnsk/7HqPQ==",
            "content_md5": "7fb7247a50283bb58c9aa014959606ea",
            "content_sha1": "0dfc29e510d2429d3766e9d8be0fcbae8d167418",
            "content_sha256": "ffbd18858b30b02a43f4dbd6c75ace43d23f8468af41c8393e5a581bcd26a4be",
            "content_sha512": "5f8d1c15767a02a0f5082c0dc154ef9ff344542de64803777b8f4b676b08ca3f6d3cf9da5ea2aacadbf9b1699eea1aadb80bd2f7469eae05a65e7b24ffb1ea3d",
            "directory_permission": "0777",
            "file_permission": "0777",
            "filename": "morning.txt",
            "id": "0dfc29e510d2429d3766e9d8be0fcbae8d167418",
            "sensitive_content": null,
            "source": null
          },
          "sensitive_attributes": [
            [
              {
                "type": "get_attr",
                "value": "sensitive_content"
              }
            ]
          ],
          "identity_schema_version": 0
        }
      ]
    }
  ],
  "check_results": null
}
